version = 1
revision = 1
requires-python = ">=3.13"

[[package]]
name = "adafruit-blinka"
version = "8.61.2"
source = { registry = "https://pypi.org/simple" }
dependencies = [
    { name = "adafruit-circuitpython-typing" },
    { name = "adafruit-platformdetect" },
    { name = "adafruit-pureio" },
    { name = "binho-host-adapter" },
    { name = "pyftdi" },
    { name = "sysv-ipc", marker = "platform_machine != 'mips' and sys_platform == 'linux'" },
]
sdist = { url = "https://files.pythonhosted.org/packages/0c/de/cb01668d4e06f27f3715f820ff8b555259ebda7d652a1d9170e3e6c791c6/adafruit_blinka-8.61.2.tar.gz", hash = "sha256:5843f1cc9ce14a67ce95e25ab41f61edd61f39bd516b1e929456a9612a3e34ec", size = 266108 }
wheels = [
    { url = "https://files.pythonhosted.org/packages/8b/08/53ac18a25da01665babcd498a01dcd8284527d4876ab93b1e64eacdc1af1/adafruit_blinka-8.61.2-py3-none-any.whl", hash = "sha256:6b85461d2958b070bc38cea8b0174ea9952fa59fabee4c6142421c36f6cf8aae", size = 394082 },
]

[[package]]
name = "adafruit-circuitpython-busdevice"
version = "5.2.13"
source = { registry = "https://pypi.org/simple" }
dependencies = [
    { name = "adafruit-blinka" },
    { name = "adafruit-circuitpython-typing" },
]
sdist = { url = "https://files.pythonhosted.org/packages/34/de/6c974f577169789d5105baba5f9e7d3ac00fdc467bc21673382a5d9e41f4/adafruit_circuitpython_busdevice-5.2.13.tar.gz", hash = "sha256:8dbe511f08a347527652f494b55d793c91dc077e01666824b691ae96a05ff2e6", size = 24165 }
wheels = [
    { url = "https://files.pythonhosted.org/packages/fb/4f/e9fad422c8e85213f3b9e2d0e58342c67bf03c50f889661adef12f07495f/adafruit_circuitpython_busdevice-5.2.13-py3-none-any.whl", hash = "sha256:de90f8cd9cc7f8815840f04b6a24c9aa5ec355b368934c7373e219a1c740ea97", size = 7501 },
]

[[package]]
name = "adafruit-circuitpython-connectionmanager"
version = "3.1.5"
source = { registry = "https://pypi.org/simple" }
dependencies = [
    { name = "adafruit-blinka" },
]
sdist = { url = "https://files.pythonhosted.org/packages/6b/24/22c00c99d0597e703dd73b5f042854620a5db2424c03606e93d3f4e2e5a8/adafruit_circuitpython_connectionmanager-3.1.5.tar.gz", hash = "sha256:fc037d7ff81cf7bab7653f2810ed8c65fe228e7d51ca7a630724b412d6c77226", size = 33632 }
wheels = [
    { url = "https://files.pythonhosted.org/packages/eb/37/09acb7aed34a1c72465884d071a9dbad112994a3f416ad904e4acfd83bc8/adafruit_circuitpython_connectionmanager-3.1.5-py3-none-any.whl", hash = "sha256:cea077efe79eaefcd8fc0d6649dbcc6cb0765f71a08bd944fb163043b18cd094", size = 7767 },
]

[[package]]
name = "adafruit-circuitpython-motor"
version = "3.4.17"
source = { registry = "https://pypi.org/simple" }
dependencies = [
    { name = "adafruit-blinka" },
    { name = "adafruit-circuitpython-typing" },
]
sdist = { url = "https://files.pythonhosted.org/packages/27/bf/080796044082b7ffe5244a356c46d74a22356a00cc6cab546e6dd07e1df0/adafruit_circuitpython_motor-3.4.17.tar.gz", hash = "sha256:ac16010ca9280e9aaca4ef813ad822e4a9c36d8f81433670c79ce5eb3894d902", size = 30882 }
wheels = [
    { url = "https://files.pythonhosted.org/packages/a0/0e/e0f1c3522b872226ea00ecf4da34f32be5ccf019bf1e68ad215def18963a/adafruit_circuitpython_motor-3.4.17-py3-none-any.whl", hash = "sha256:abff1c7d8ec7c133acf463c395f5afdf379800777777c5bd27b137a4153f385a", size = 10945 },
]

[[package]]
name = "adafruit-circuitpython-pca9685"
version = "3.4.19"
source = { registry = "https://pypi.org/simple" }
dependencies = [
    { name = "adafruit-blinka" },
    { name = "adafruit-circuitpython-busdevice" },
    { name = "adafruit-circuitpython-register" },
]
sdist = { url = "https://files.pythonhosted.org/packages/3a/48/c224ae2db58d4fffb3f2eb751484773d23c96fb8dfdee9e299ca3331287d/adafruit_circuitpython_pca9685-3.4.19.tar.gz", hash = "sha256:921a9cce3af156d690d2e4b1ee9d66843f3fcce3e9217a8518a1fc49cef09c0c", size = 24699 }
wheels = [
    { url = "https://files.pythonhosted.org/packages/be/5b/8d161f9917d08822422d6d7c380da492d92e89ece76b7b6bf205c5ff7704/adafruit_circuitpython_pca9685-3.4.19-py3-none-any.whl", hash = "sha256:49e9dddfcdcaf9f8845ef7ba4f0bdcbd57573f18a595ae99c264478792c6c074", size = 6029 },
]

[[package]]
name = "adafruit-circuitpython-register"
version = "1.10.4"
source = { registry = "https://pypi.org/simple" }
dependencies = [
    { name = "adafruit-blinka" },
    { name = "adafruit-circuitpython-busdevice" },
    { name = "adafruit-circuitpython-typing" },
    { name = "typing-extensions" },
]
sdist = { url = "https://files.pythonhosted.org/packages/14/7c/4f2879e6dc672b5ae182c7aaef369a4e58bab2785c80a3873c32f55234ea/adafruit_circuitpython_register-1.10.4.tar.gz", hash = "sha256:56be1403e62d5017189b003fc47857337ca8292187cd087cf0757ad4a0ef86b0", size = 29165 }
wheels = [
    { url = "https://files.pythonhosted.org/packages/73/e5/f06bc8d95717179c5f4550ea0cace6ba4fcae49039b1e5080c1b18ef4f4d/adafruit_circuitpython_register-1.10.4-py3-none-any.whl", hash = "sha256:96dd6c7771e9b23ab664068a9403e75ff7fbcb3b05549f6c256e3176ee110765", size = 14823 },
]

[[package]]
name = "adafruit-circuitpython-requests"
version = "4.1.13"
source = { registry = "https://pypi.org/simple" }
dependencies = [
    { name = "adafruit-blinka" },
    { name = "adafruit-circuitpython-connectionmanager" },
]
sdist = { url = "https://files.pythonhosted.org/packages/55/5c/d17ff26270289c11ea787a73a922c1a9d85d8dea67e8d2fad1e36b181bc1/adafruit_circuitpython_requests-4.1.13.tar.gz", hash = "sha256:a63fa4eb5824f1f458030da6f44a060d28c01570ffa48569b992abe8e477a1d6", size = 67276 }
wheels = [
    { url = "https://files.pythonhosted.org/packages/bf/53/c59ee1edf3305fc5a66ea62db50918ce841a5f6bf7b94d273625a9364f7d/adafruit_circuitpython_requests-4.1.13-py3-none-any.whl", hash = "sha256:2d5af59a96dca033033fcc8c17829c3fb28ed8c36a95fe1093c463f5841bc5a5", size = 10880 },
]

[[package]]
name = "adafruit-circuitpython-servokit"
version = "1.3.21"
source = { registry = "https://pypi.org/simple" }
dependencies = [
    { name = "adafruit-blinka" },
    { name = "adafruit-circuitpython-busdevice" },
    { name = "adafruit-circuitpython-motor" },
    { name = "adafruit-circuitpython-pca9685" },
    { name = "adafruit-circuitpython-register" },
]
sdist = { url = "https://files.pythonhosted.org/packages/4a/b6/513ad89449d4f3b8cd079145bc5bb1dfeed64deb1050949746416875bb50/adafruit_circuitpython_servokit-1.3.21.tar.gz", hash = "sha256:00d7ce71d6b6e7dd466e8d589b5ddf242e6a096615f8e8ccc53a71d9951b4de1", size = 23562 }
wheels = [
    { url = "https://files.pythonhosted.org/packages/39/0c/17064930cfc8e985b082d66f36b608293d653bdf01349a985d0e914a3ecf/adafruit_circuitpython_servokit-1.3.21-py3-none-any.whl", hash = "sha256:248292b484d0542142730903a8b4f0901aaab164e876c393433652cf7a30f115", size = 5663 },
]

[[package]]
name = "adafruit-circuitpython-typing"
version = "1.12.1"
source = { registry = "https://pypi.org/simple" }
dependencies = [
    { name = "adafruit-blinka" },
    { name = "adafruit-circuitpython-busdevice" },
    { name = "adafruit-circuitpython-requests" },
    { name = "typing-extensions" },
]
sdist = { url = "https://files.pythonhosted.org/packages/77/d6/cb9a842dd89afcc53d21327cef5d3ee0149cfd3d90677c9dd68274b0bfae/adafruit_circuitpython_typing-1.12.1.tar.gz", hash = "sha256:e4b06e07cb385dc098574f2479cd77d07e0a06987c814eab33b9f525ac83a935", size = 26001 }
wheels = [
    { url = "https://files.pythonhosted.org/packages/6c/d9/fe145e99e1251a0dcdace585477875eef8db915f04647197aa3aa50c51d6/adafruit_circuitpython_typing-1.12.1-py3-none-any.whl", hash = "sha256:f1e511f48a76cb4467050db9334fed6761cc1f05921e9edddce7fd3a0b69b459", size = 11627 },
]

[[package]]
name = "adafruit-platformdetect"
version = "3.80.0"
source = { registry = "https://pypi.org/simple" }
sdist = { url = "https://files.pythonhosted.org/packages/1e/d4/1469dd70fed8e9e0cae705d2798c5dff5f39ff6b01a5c27b261cf892a69b/adafruit_platformdetect-3.80.0.tar.gz", hash = "sha256:6ffa9d026d1685674ca7419c174aab9fc475c8f898035f768292ff9070ffa90b", size = 48498 }
wheels = [
    { url = "https://files.pythonhosted.org/packages/9c/82/b1834a5e82215f930f1d3c089194109e5fbe4c19f0578a712eeda897720d/adafruit_platformdetect-3.80.0-py3-none-any.whl", hash = "sha256:a3de88046ee4ce07c1e8b0d48c9ac37eee9794fbd1e7c887ace6514190e118a9", size = 26048 },
]

[[package]]
name = "adafruit-pureio"
version = "1.1.11"
source = { registry = "https://pypi.org/simple" }
sdist = { url = "https://files.pythonhosted.org/packages/e5/b7/f1672435116822079bbdab42163f9e6424769b7db778873d95d18c085230/Adafruit_PureIO-1.1.11.tar.gz", hash = "sha256:c4cfbb365731942d1f1092a116f47dfdae0aef18c5b27f1072b5824ad5ea8c7c", size = 35511 }
wheels = [
    { url = "https://files.pythonhosted.org/packages/19/9d/28e9d12f36e13c5f2acba3098187b0e931290ecd1d8df924391b5ad2db19/Adafruit_PureIO-1.1.11-py3-none-any.whl", hash = "sha256:281ab2099372cc0decc26326918996cbf21b8eed694ec4764d51eefa029d324e", size = 10678 },
]

[[package]]
name = "aprs2mqtt"
version = "0.1.0"
source = { virtual = "." }
dependencies = [
    { name = "adafruit-circuitpython-servokit" },
    { name = "click" },
    { name = "latloncalc" },
    { name = "paho-mqtt" },
    { name = "pytest" },
    { name = "rpi-gpio" },
]

[package.metadata]
requires-dist = [
    { name = "adafruit-circuitpython-servokit", specifier = ">=1.3.21" },
    { name = "click", specifier = ">=8.2.1" },
    { name = "latloncalc", specifier = ">=1.5.6" },
    { name = "paho-mqtt", specifier = ">=2.1.0" },
    { name = "pytest", specifier = ">=8.3.5" },
    { name = "rpi-gpio", specifier = ">=0.7.1" },
]

[[package]]
name = "binho-host-adapter"
version = "0.1.6"
source = { registry = "https://pypi.org/simple" }
dependencies = [
    { name = "pyserial" },
]
sdist = { url = "https://files.pythonhosted.org/packages/68/36/29b7b896e83e195fac6d64ccff95c0f24a18ee86e7437a22e60e0331d90a/binho-host-adapter-0.1.6.tar.gz", hash = "sha256:1e6da7a84e208c13b5f489066f05774bff1d593d0f5bf1ca149c2b8e83eae856", size = 10068 }
wheels = [
    { url = "https://files.pythonhosted.org/packages/7b/6b/0f13486003aea3eb349c2946b7ec9753e7558b78e35d22c938062a96959c/binho_host_adapter-0.1.6-py3-none-any.whl", hash = "sha256:f71ca176c1e2fc1a5dce128beb286da217555c6c7c805f2ed282a6f3507ec277", size = 10540 },
]

[[package]]
name = "certifi"
version = "2025.4.26"
source = { registry = "https://pypi.org/simple" }
sdist = { url = "https://files.pythonhosted.org/packages/e8/9e/c05b3920a3b7d20d3d3310465f50348e5b3694f4f88c6daf736eef3024c4/certifi-2025.4.26.tar.gz", hash = "sha256:0a816057ea3cdefcef70270d2c515e4506bbc954f417fa5ade2021213bb8f0c6", size = 160705 }
wheels = [
    { url = "https://files.pythonhosted.org/packages/4a/7e/3db2bd1b1f9e95f7cddca6d6e75e2f2bd9f51b1246e546d88addca0106bd/certifi-2025.4.26-py3-none-any.whl", hash = "sha256:30350364dfe371162649852c63336a15c70c6510c2ad5015b21c2345311805f3", size = 159618 },
]

[[package]]
name = "click"
version = "8.2.1"
source = { registry = "https://pypi.org/simple" }
dependencies = [
    { name = "colorama", marker = "sys_platform == 'win32'" },
]
sdist = { url = "https://files.pythonhosted.org/packages/60/6c/8ca2efa64cf75a977a0d7fac081354553ebe483345c734fb6b6515d96bbc/click-8.2.1.tar.gz", hash = "sha256:27c491cc05d968d271d5a1db13e3b5a184636d9d930f148c50b038f0d0646202", size = 286342 }
wheels = [
    { url = "https://files.pythonhosted.org/packages/85/32/10bb5764d90a8eee674e9dc6f4db6a0ab47c8c4d0d83c27f7c39ac415a4d/click-8.2.1-py3-none-any.whl", hash = "sha256:61a3265b914e850b85317d0b3109c7f8cd35a670f963866005d6ef1d5175a12b", size = 102215 },
]

[[package]]
name = "colorama"
version = "0.4.6"
source = { registry = "https://pypi.org/simple" }
sdist = { url = "https://files.pythonhosted.org/packages/d8/53/6f443c9a4a8358a93a6792e2acffb9d9d5cb0a5cfd8802644b7b1c9a02e4/colorama-0.4.6.tar.gz", hash = "sha256:08695f5cb7ed6e0531a20572697297273c47b8cae5a63ffc6d6ed5c201be6e44", size = 27697 }
wheels = [
    { url = "https://files.pythonhosted.org/packages/d1/d6/3965ed04c63042e047cb6a3e6ed1a63a35087b6a609aa3a15ed8ac56c221/colorama-0.4.6-py2.py3-none-any.whl", hash = "sha256:4f1d9991f5acc0ca119f9d443620b77f9d6b33703e51011c16baf57afb285fc6", size = 25335 },
]

[[package]]
name = "iniconfig"
version = "2.1.0"
source = { registry = "https://pypi.org/simple" }
sdist = { url = "https://files.pythonhosted.org/packages/f2/97/ebf4da567aa6827c909642694d71c9fcf53e5b504f2d96afea02718862f3/iniconfig-2.1.0.tar.gz", hash = "sha256:3abbd2e30b36733fee78f9c7f7308f2d0050e88f0087fd25c2645f63c773e1c7", size = 4793 }
wheels = [
    { url = "https://files.pythonhosted.org/packages/2c/e1/e6716421ea10d38022b952c159d5161ca1193197fb744506875fbb87ea7b/iniconfig-2.1.0-py3-none-any.whl", hash = "sha256:9deba5723312380e77435581c6bf4935c94cbfab9b1ed33ef8d238ea168eb760", size = 6050 },
]

[[package]]
name = "latloncalc"
version = "1.5.6"
source = { registry = "https://pypi.org/simple" }
dependencies = [
    { name = "numpy" },
    { name = "pyproj" },
]
sdist = { url = "https://files.pythonhosted.org/packages/f6/88/62f7aece5b832b86676a020c99b4688945cc482bd39c70b2bc0ef409acf2/latloncalc-1.5.6.tar.gz", hash = "sha256:7b99ff7db6beb4f1ea0c87de07a1e93343028bdb2c9181d5312b006f21798cbe", size = 33000 }
wheels = [
    { url = "https://files.pythonhosted.org/packages/9f/6b/b336fe6a275b893625a7dc23493cca7913dac2839c8a80079050d927169c/latloncalc-1.5.6-py3-none-any.whl", hash = "sha256:7796f46b6978344956b8c2d24c78867fb71a523a6b60763ac2d8c57a08a587d6", size = 13148 },
]

[[package]]
name = "numpy"
version = "2.2.6"
source = { registry = "https://pypi.org/simple" }
sdist = { url = "https://files.pythonhosted.org/packages/76/21/7d2a95e4bba9dc13d043ee156a356c0a8f0c6309dff6b21b4d71a073b8a8/numpy-2.2.6.tar.gz", hash = "sha256:e29554e2bef54a90aa5cc07da6ce955accb83f21ab5de01a62c8478897b264fd", size = 20276440 }
wheels = [
    { url = "https://files.pythonhosted.org/packages/f9/5c/6657823f4f594f72b5471f1db1ab12e26e890bb2e41897522d134d2a3e81/numpy-2.2.6-cp313-cp313-macosx_10_13_x86_64.whl", hash = "sha256:0811bb762109d9708cca4d0b13c4f67146e3c3b7cf8d34018c722adb2d957c84", size = 20867828 },
    { url = "https://files.pythonhosted.org/packages/dc/9e/14520dc3dadf3c803473bd07e9b2bd1b69bc583cb2497b47000fed2fa92f/numpy-2.2.6-cp313-cp313-macosx_11_0_arm64.whl", hash = "sha256:287cc3162b6f01463ccd86be154f284d0893d2b3ed7292439ea97eafa8170e0b", size = 14143006 },
    { url = "https://files.pythonhosted.org/packages/4f/06/7e96c57d90bebdce9918412087fc22ca9851cceaf5567a45c1f404480e9e/numpy-2.2.6-cp313-cp313-macosx_14_0_arm64.whl", hash = "sha256:f1372f041402e37e5e633e586f62aa53de2eac8d98cbfb822806ce4bbefcb74d", size = 5076765 },
    { url = "https://files.pythonhosted.org/packages/73/ed/63d920c23b4289fdac96ddbdd6132e9427790977d5457cd132f18e76eae0/numpy-2.2.6-cp313-cp313-macosx_14_0_x86_64.whl", hash = "sha256:55a4d33fa519660d69614a9fad433be87e5252f4b03850642f88993f7b2ca566", size = 6617736 },
    { url = "https://files.pythonhosted.org/packages/85/c5/e19c8f99d83fd377ec8c7e0cf627a8049746da54afc24ef0a0cb73d5dfb5/numpy-2.2.6-cp313-cp313-manylinux_2_17_aarch64.manylinux2014_aarch64.whl", hash = "sha256:f92729c95468a2f4f15e9bb94c432a9229d0d50de67304399627a943201baa2f", size = 14010719 },
    { url = "https://files.pythonhosted.org/packages/19/49/4df9123aafa7b539317bf6d342cb6d227e49f7a35b99c287a6109b13dd93/numpy-2.2.6-cp313-cp313-manylinux_2_17_x86_64.manylinux2014_x86_64.whl", hash = "sha256:1bc23a79bfabc5d056d106f9befb8d50c31ced2fbc70eedb8155aec74a45798f", size = 16526072 },
    { url = "https://files.pythonhosted.org/packages/b2/6c/04b5f47f4f32f7c2b0e7260442a8cbcf8168b0e1a41ff1495da42f42a14f/numpy-2.2.6-cp313-cp313-musllinux_1_2_aarch64.whl", hash = "sha256:e3143e4451880bed956e706a3220b4e5cf6172ef05fcc397f6f36a550b1dd868", size = 15503213 },
    { url = "https://files.pythonhosted.org/packages/17/0a/5cd92e352c1307640d5b6fec1b2ffb06cd0dabe7d7b8227f97933d378422/numpy-2.2.6-cp313-cp313-musllinux_1_2_x86_64.whl", hash = "sha256:b4f13750ce79751586ae2eb824ba7e1e8dba64784086c98cdbbcc6a42112ce0d", size = 18316632 },
    { url = "https://files.pythonhosted.org/packages/f0/3b/5cba2b1d88760ef86596ad0f3d484b1cbff7c115ae2429678465057c5155/numpy-2.2.6-cp313-cp313-win32.whl", hash = "sha256:5beb72339d9d4fa36522fc63802f469b13cdbe4fdab4a288f0c441b74272ebfd", size = 6244532 },
    { url = "https://files.pythonhosted.org/packages/cb/3b/d58c12eafcb298d4e6d0d40216866ab15f59e55d148a5658bb3132311fcf/numpy-2.2.6-cp313-cp313-win_amd64.whl", hash = "sha256:b0544343a702fa80c95ad5d3d608ea3599dd54d4632df855e4c8d24eb6ecfa1c", size = 12610885 },
    { url = "https://files.pythonhosted.org/packages/6b/9e/4bf918b818e516322db999ac25d00c75788ddfd2d2ade4fa66f1f38097e1/numpy-2.2.6-cp313-cp313t-macosx_10_13_x86_64.whl", hash = "sha256:0bca768cd85ae743b2affdc762d617eddf3bcf8724435498a1e80132d04879e6", size = 20963467 },
    { url = "https://files.pythonhosted.org/packages/61/66/d2de6b291507517ff2e438e13ff7b1e2cdbdb7cb40b3ed475377aece69f9/numpy-2.2.6-cp313-cp313t-macosx_11_0_arm64.whl", hash = "sha256:fc0c5673685c508a142ca65209b4e79ed6740a4ed6b2267dbba90f34b0b3cfda", size = 14225144 },
    { url = "https://files.pythonhosted.org/packages/e4/25/480387655407ead912e28ba3a820bc69af9adf13bcbe40b299d454ec011f/numpy-2.2.6-cp313-cp313t-macosx_14_0_arm64.whl", hash = "sha256:5bd4fc3ac8926b3819797a7c0e2631eb889b4118a9898c84f585a54d475b7e40", size = 5200217 },
    { url = "https://files.pythonhosted.org/packages/aa/4a/6e313b5108f53dcbf3aca0c0f3e9c92f4c10ce57a0a721851f9785872895/numpy-2.2.6-cp313-cp313t-macosx_14_0_x86_64.whl", hash = "sha256:fee4236c876c4e8369388054d02d0e9bb84821feb1a64dd59e137e6511a551f8", size = 6712014 },
    { url = "https://files.pythonhosted.org/packages/b7/30/172c2d5c4be71fdf476e9de553443cf8e25feddbe185e0bd88b096915bcc/numpy-2.2.6-cp313-cp313t-manylinux_2_17_aarch64.manylinux2014_aarch64.whl", hash = "sha256:e1dda9c7e08dc141e0247a5b8f49cf05984955246a327d4c48bda16821947b2f", size = 14077935 },
    { url = "https://files.pythonhosted.org/packages/12/fb/9e743f8d4e4d3c710902cf87af3512082ae3d43b945d5d16563f26ec251d/numpy-2.2.6-cp313-cp313t-manylinux_2_17_x86_64.manylinux2014_x86_64.whl", hash = "sha256:f447e6acb680fd307f40d3da4852208af94afdfab89cf850986c3ca00562f4fa", size = 16600122 },
    { url = "https://files.pythonhosted.org/packages/12/75/ee20da0e58d3a66f204f38916757e01e33a9737d0b22373b3eb5a27358f9/numpy-2.2.6-cp313-cp313t-musllinux_1_2_aarch64.whl", hash = "sha256:389d771b1623ec92636b0786bc4ae56abafad4a4c513d36a55dce14bd9ce8571", size = 15586143 },
    { url = "https://files.pythonhosted.org/packages/76/95/bef5b37f29fc5e739947e9ce5179ad402875633308504a52d188302319c8/numpy-2.2.6-cp313-cp313t-musllinux_1_2_x86_64.whl", hash = "sha256:8e9ace4a37db23421249ed236fdcdd457d671e25146786dfc96835cd951aa7c1", size = 18385260 },
    { url = "https://files.pythonhosted.org/packages/09/04/f2f83279d287407cf36a7a8053a5abe7be3622a4363337338f2585e4afda/numpy-2.2.6-cp313-cp313t-win32.whl", hash = "sha256:038613e9fb8c72b0a41f025a7e4c3f0b7a1b5d768ece4796b674c8f3fe13efff", size = 6377225 },
    { url = "https://files.pythonhosted.org/packages/67/0e/35082d13c09c02c011cf21570543d202ad929d961c02a147493cb0c2bdf5/numpy-2.2.6-cp313-cp313t-win_amd64.whl", hash = "sha256:6031dd6dfecc0cf9f668681a37648373bddd6421fff6c66ec1624eed0180ee06", size = 12771374 },
]

[[package]]
name = "packaging"
version = "25.0"
source = { registry = "https://pypi.org/simple" }
sdist = { url = "https://files.pythonhosted.org/packages/a1/d4/1fc4078c65507b51b96ca8f8c3ba19e6a61c8253c72794544580a7b6c24d/packaging-25.0.tar.gz", hash = "sha256:d443872c98d677bf60f6a1f2f8c1cb748e8fe762d2bf9d3148b5599295b0fc4f", size = 165727 }
wheels = [
    { url = "https://files.pythonhosted.org/packages/20/12/38679034af332785aac8774540895e234f4d07f7545804097de4b666afd8/packaging-25.0-py3-none-any.whl", hash = "sha256:29572ef2b1f17581046b3a2227d5c611fb25ec70ca1ba8554b24b0e69331a484", size = 66469 },
]

[[package]]
name = "paho-mqtt"
version = "2.1.0"
source = { registry = "https://pypi.org/simple" }
sdist = { url = "https://files.pythonhosted.org/packages/39/15/0a6214e76d4d32e7f663b109cf71fb22561c2be0f701d67f93950cd40542/paho_mqtt-2.1.0.tar.gz", hash = "sha256:12d6e7511d4137555a3f6ea167ae846af2c7357b10bc6fa4f7c3968fc1723834", size = 148848 }
wheels = [
    { url = "https://files.pythonhosted.org/packages/c4/cb/00451c3cf31790287768bb12c6bec834f5d292eaf3022afc88e14b8afc94/paho_mqtt-2.1.0-py3-none-any.whl", hash = "sha256:6db9ba9b34ed5bc6b6e3812718c7e06e2fd7444540df2455d2c51bd58808feee", size = 67219 },
]

[[package]]
name = "pluggy"
version = "1.6.0"
source = { registry = "https://pypi.org/simple" }
sdist = { url = "https://files.pythonhosted.org/packages/f9/e2/3e91f31a7d2b083fe6ef3fa267035b518369d9511ffab804f839851d2779/pluggy-1.6.0.tar.gz", hash = "sha256:7dcc130b76258d33b90f61b658791dede3486c3e6bfb003ee5c9bfb396dd22f3", size = 69412 }
wheels = [
    { url = "https://files.pythonhosted.org/packages/54/20/4d324d65cc6d9205fabedc306948156824eb9f0ee1633355a8f7ec5c66bf/pluggy-1.6.0-py3-none-any.whl", hash = "sha256:e920276dd6813095e9377c0bc5566d94c932c33b27a3e3945d8389c374dd4746", size = 20538 },
]

[[package]]
name = "pyftdi"
version = "0.56.0"
source = { registry = "https://pypi.org/simple" }
dependencies = [
    { name = "pyserial" },
    { name = "pyusb" },
]
wheels = [
    { url = "https://files.pythonhosted.org/packages/5a/96/a8de7b7e5556d4b00d1ca1969fc34c89a1b6d177876c7a31d42631b090fc/pyftdi-0.56.0-py3-none-any.whl", hash = "sha256:3ef0baadbf9031dde9d623ae66fac2d16ded36ce1b66c17765ca1944cb38b8b0", size = 145718 },
]

[[package]]
name = "pyproj"
version = "3.7.1"
source = { registry = "https://pypi.org/simple" }
dependencies = [
    { name = "certifi" },
]
sdist = { url = "https://files.pythonhosted.org/packages/67/10/a8480ea27ea4bbe896c168808854d00f2a9b49f95c0319ddcbba693c8a90/pyproj-3.7.1.tar.gz", hash = "sha256:60d72facd7b6b79853f19744779abcd3f804c4e0d4fa8815469db20c9f640a47", size = 226339 }
wheels = [
    { url = "https://files.pythonhosted.org/packages/ef/01/984828464c9960036c602753fc0f21f24f0aa9043c18fa3f2f2b66a86340/pyproj-3.7.1-cp313-cp313-macosx_13_0_x86_64.whl", hash = "sha256:5f8d02ef4431dee414d1753d13fa82a21a2f61494737b5f642ea668d76164d6d", size = 6253062 },
    { url = "https://files.pythonhosted.org/packages/68/65/6ecdcdc829811a2c160cdfe2f068a009fc572fd4349664f758ccb0853a7c/pyproj-3.7.1-cp313-cp313-macosx_14_0_arm64.whl", hash = "sha256:0b853ae99bda66cbe24b4ccfe26d70601d84375940a47f553413d9df570065e0", size = 4660548 },
    { url = "https://files.pythonhosted.org/packages/67/da/dda94c4490803679230ba4c17a12f151b307a0d58e8110820405ca2d98db/pyproj-3.7.1-cp313-cp313-manylinux_2_17_aarch64.manylinux2014_aarch64.whl", hash = "sha256:83db380c52087f9e9bdd8a527943b2e7324f275881125e39475c4f9277bdeec4", size = 9662464 },
    { url = "https://files.pythonhosted.org/packages/6f/57/f61b7d22c91ae1d12ee00ac4c0038714e774ebcd851b9133e5f4f930dd40/pyproj-3.7.1-cp313-cp313-manylinux_2_17_x86_64.manylinux2014_x86_64.whl", hash = "sha256:b35ed213892e211a3ce2bea002aa1183e1a2a9b79e51bb3c6b15549a831ae528", size = 9497461 },
    { url = "https://files.pythonhosted.org/packages/b7/f6/932128236f79d2ac7d39fe1a19667fdf7155d9a81d31fb9472a7a497790f/pyproj-3.7.1-cp313-cp313-musllinux_1_2_aarch64.whl", hash = "sha256:a8b15b0463d1303bab113d1a6af2860a0d79013c3a66fcc5475ce26ef717fd4f", size = 10708869 },
    { url = "https://files.pythonhosted.org/packages/1d/0d/07ac7712994454a254c383c0d08aff9916a2851e6512d59da8dc369b1b02/pyproj-3.7.1-cp313-cp313-musllinux_1_2_x86_64.whl", hash = "sha256:87229e42b75e89f4dad6459200f92988c5998dfb093c7c631fb48524c86cd5dc", size = 10729260 },
    { url = "https://files.pythonhosted.org/packages/b0/d0/9c604bc72c37ba69b867b6df724d6a5af6789e8c375022c952f65b2af558/pyproj-3.7.1-cp313-cp313-win32.whl", hash = "sha256:d666c3a3faaf3b1d7fc4a544059c4eab9d06f84a604b070b7aa2f318e227798e", size = 5855462 },
    { url = "https://files.pythonhosted.org/packages/98/df/68a2b7f5fb6400c64aad82d72bcc4bc531775e62eedff993a77c780defd0/pyproj-3.7.1-cp313-cp313-win_amd64.whl", hash = "sha256:d3caac7473be22b6d6e102dde6c46de73b96bc98334e577dfaee9886f102ea2e", size = 6266573 },
]

[[package]]
name = "pyserial"
version = "3.5"
source = { registry = "https://pypi.org/simple" }
sdist = { url = "https://files.pythonhosted.org/packages/1e/7d/ae3f0a63f41e4d2f6cb66a5b57197850f919f59e558159a4dd3a818f5082/pyserial-3.5.tar.gz", hash = "sha256:3c77e014170dfffbd816e6ffc205e9842efb10be9f58ec16d3e8675b4925cddb", size = 159125 }
wheels = [
    { url = "https://files.pythonhosted.org/packages/07/bc/587a445451b253b285629263eb51c2d8e9bcea4fc97826266d186f96f558/pyserial-3.5-py2.py3-none-any.whl", hash = "sha256:c4451db6ba391ca6ca299fb3ec7bae67a5c55dde170964c7a14ceefec02f2cf0", size = 90585 },
]

[[package]]
name = "pytest"
version = "8.3.5"
source = { registry = "https://pypi.org/simple" }
dependencies = [
    { name = "colorama", marker = "sys_platform == 'win32'" },
    { name = "iniconfig" },
    { name = "packaging" },
    { name = "pluggy" },
]
sdist = { url = "https://files.pythonhosted.org/packages/ae/3c/c9d525a414d506893f0cd8a8d0de7706446213181570cdbd766691164e40/pytest-8.3.5.tar.gz", hash = "sha256:f4efe70cc14e511565ac476b57c279e12a855b11f48f212af1080ef2263d3845", size = 1450891 }
wheels = [
    { url = "https://files.pythonhosted.org/packages/30/3d/64ad57c803f1fa1e963a7946b6e0fea4a70df53c1a7fed304586539c2bac/pytest-8.3.5-py3-none-any.whl", hash = "sha256:c69214aa47deac29fad6c2a4f590b9c4a9fdb16a403176fe154b79c0b4d4d820", size = 343634 },
]

[[package]]
name = "pyusb"
version = "1.3.1"
source = { registry = "https://pypi.org/simple" }
sdist = { url = "https://files.pythonhosted.org/packages/00/6b/ce3727395e52b7b76dfcf0c665e37d223b680b9becc60710d4bc08b7b7cb/pyusb-1.3.1.tar.gz", hash = "sha256:3af070b607467c1c164f49d5b0caabe8ac78dbed9298d703a8dbf9df4052d17e", size = 77281 }
wheels = [
    { url = "https://files.pythonhosted.org/packages/28/b8/27e6312e86408a44fe16bd28ee12dd98608b39f7e7e57884a24e8f29b573/pyusb-1.3.1-py3-none-any.whl", hash = "sha256:bf9b754557af4717fe80c2b07cc2b923a9151f5c08d17bdb5345dac09d6a0430", size = 58465 },
]

[[package]]
name = "rpi-gpio"
version = "0.7.1"
source = { registry = "https://pypi.org/simple" }
sdist = { url = "https://files.pythonhosted.org/packages/c4/0f/10b524a12b3445af1c607c27b2f5ed122ef55756e29942900e5c950735f2/RPi.GPIO-0.7.1.tar.gz", hash = "sha256:cd61c4b03c37b62bba4a5acfea9862749c33c618e0295e7e90aa4713fb373b70", size = 29090 }

[[package]]
name = "sysv-ipc"
version = "1.1.0"
source = { registry = "https://pypi.org/simple" }
sdist = { url = "https://files.pythonhosted.org/packages/0c/d7/5d2f861155e9749f981e6c58f2a482d3ab458bf8c35ae24d4b4d5899ebf9/sysv_ipc-1.1.0.tar.gz", hash = "sha256:0f063cbd36ec232032e425769ebc871f195a7d183b9af32f9901589ea7129ac3", size = 99448 }

[[package]]
name = "typing-extensions"
version = "4.14.0"
source = { registry = "https://pypi.org/simple" }
sdist = { url = "https://files.pythonhosted.org/packages/d1/bc/51647cd02527e87d05cb083ccc402f93e441606ff1f01739a62c8ad09ba5/typing_extensions-4.14.0.tar.gz", hash = "sha256:8676b788e32f02ab42d9e7c61324048ae4c6d844a399eebace3d4979d75ceef4", size = 107423 }
wheels = [
    { url = "https://files.pythonhosted.org/packages/69/e0/552843e0d356fbb5256d21449fa957fa4eff3bbc135a74a691ee70c7c5da/typing_extensions-4.14.0-py3-none-any.whl", hash = "sha256:a1514509136dd0b477638fc68d6a91497af5076466ad0fa6c338e44e359944af", size = 43839 },
]
